
Microsoft Visual Studio Solution File, Format Version 12.00
# Visual Studio Version 17
VisualStudioVersion = 17.7.34031.279
MinimumVisualStudioVersion = 10.0.40219.1
Project("{FAE04EC0-301F-11D3-BF4B-00C04F79EFBC}") = "AddressBookDN6", "AddressBookDN6.csproj", "{EE41C9E7-3B2F-4F7A-997D-42746D974A4B}"
EndProject
Global
	GlobalSection(SolutionConfigurationPlatforms) = preSolution
		Debug|Any CPU = Debug|Any CPU
		Release|Any CPU = Release|Any CPU
	EndGlobalSection
	GlobalSection(ProjectConfigurationPlatforms) = postSolution
		{EE41C9E7-3B2F-4F7A-997D-42746D974A4B}.Debug|Any CPU.ActiveCfg = Debug|Any CPU
		{EE41C9E7-3B2F-4F7A-997D-42746D974A4B}.Debug|Any CPU.Build.0 = Debug|Any CPU
		{EE41C9E7-3B2F-4F7A-997D-42746D974A4B}.Release|Any CPU.ActiveCfg = Release|Any CPU
		{EE41C9E7-3B2F-4F7A-997D-42746D974A4B}.Release|Any CPU.Build.0 = Release|Any CPU
	EndGlobalSection
	GlobalSection(SolutionProperties) = preSolution
		HideSolutionNode = FALSE
	EndGlobalSection
	GlobalSection(ExtensibilityGlobals) = postSolution
		SolutionGuid = {9B53EDB0-CEF6-4644-AD71-77D0CD9A72FE}
	EndGlobalSection
EndGlobal
